{
  "name": "rasid-platform-core",
  "version": "0.1.0",
  "lockfileVersion": 3,
  "requires": true,
  "packages": {
    "": {
      "name": "rasid-platform-core",
      "version": "0.1.0",
      "workspaces": [
        "packages/*",
        "apps/*"
      ],
      "devDependencies": {
        "typescript": "^5.9.3",
        "zod": "^3.24.2"
      }
    },
    "apps/contracts-cli": {
      "name": "@rasid/contracts-cli",
      "version": "1.0.0",
      "dependencies": {
        "@rasid/artifacts": "1.0.0",
        "@rasid/audit-lineage": "1.0.0",
        "@rasid/brand-template": "1.0.0",
        "@rasid/canvas-contract": "1.0.0",
        "@rasid/capability-registry": "1.0.0",
        "@rasid/common": "1.0.0",
        "@rasid/connectors": "1.0.0",
        "@rasid/contracts": "1.0.0",
        "@rasid/evidence": "1.0.0",
        "@rasid/jobs": "1.0.0",
        "@rasid/library": "1.0.0",
        "@rasid/output-publication": "1.0.0",
        "@rasid/permissions": "1.0.0",
        "@rasid/runtime": "1.0.0"
      }
    },
    "node_modules/@rasid/artifacts": {
      "resolved": "packages/artifacts",
      "link": true
    },
    "node_modules/@rasid/audit-lineage": {
      "resolved": "packages/audit-lineage",
      "link": true
    },
    "node_modules/@rasid/brand-template": {
      "resolved": "packages/brand-template",
      "link": true
    },
    "node_modules/@rasid/canvas-contract": {
      "resolved": "packages/canvas-contract",
      "link": true
    },
    "node_modules/@rasid/capability-registry": {
      "resolved": "packages/capability-registry",
      "link": true
    },
    "node_modules/@rasid/common": {
      "resolved": "packages/common",
      "link": true
    },
    "node_modules/@rasid/connectors": {
      "resolved": "packages/connectors",
      "link": true
    },
    "node_modules/@rasid/contracts": {
      "resolved": "packages/contracts",
      "link": true
    },
    "node_modules/@rasid/contracts-cli": {
      "resolved": "apps/contracts-cli",
      "link": true
    },
    "node_modules/@rasid/evidence": {
      "resolved": "packages/evidence",
      "link": true
    },
    "node_modules/@rasid/jobs": {
      "resolved": "packages/jobs",
      "link": true
    },
    "node_modules/@rasid/library": {
      "resolved": "packages/library",
      "link": true
    },
    "node_modules/@rasid/output-publication": {
      "resolved": "packages/output-publication",
      "link": true
    },
    "node_modules/@rasid/permissions": {
      "resolved": "packages/permissions",
      "link": true
    },
    "node_modules/@rasid/runtime": {
      "resolved": "packages/runtime",
      "link": true
    },
    "node_modules/typescript": {
      "version": "5.9.3",
      "resolved": "https://registry.npmjs.org/typescript/-/typescript-5.9.3.tgz",
      "integrity": "sha512-jl1vZzPDinLr9eUt3J/t7V6FgNEw9QjvBPdysz9KfQDD41fQrC2Y4vKQdiaUpFT4bXlb1RHhLpp8wtm6M5TgSw==",
      "dev": true,
      "license": "Apache-2.0",
      "bin": {
        "tsc": "bin/tsc",
        "tsserver": "bin/tsserver"
      },
      "engines": {
        "node": ">=14.17"
      }
    },
    "node_modules/zod": {
      "version": "3.25.76",
      "resolved": "https://registry.npmjs.org/zod/-/zod-3.25.76.tgz",
      "integrity": "sha512-gzUt/qt81nXsFGKIFcC3YnfEAx5NkunCfnDlvuBSSFS02bcXu4Lmea0AFIUwbLWxWPx3d9p8S5QoaujKcNQxcQ==",
      "dev": true,
      "license": "MIT",
      "funding": {
        "url": "https://github.com/sponsors/colinhacks"
      }
    },
    "packages/artifacts": {
      "name": "@rasid/artifacts",
      "version": "1.0.0",
      "dependencies": {
        "@rasid/contracts": "1.0.0"
      }
    },
    "packages/audit-lineage": {
      "name": "@rasid/audit-lineage",
      "version": "1.0.0",
      "dependencies": {
        "@rasid/contracts": "1.0.0"
      }
    },
    "packages/brand-template": {
      "name": "@rasid/brand-template",
      "version": "1.0.0",
      "dependencies": {
        "@rasid/contracts": "1.0.0"
      }
    },
    "packages/canvas-contract": {
      "name": "@rasid/canvas-contract",
      "version": "1.0.0",
      "dependencies": {
        "@rasid/contracts": "1.0.0"
      }
    },
    "packages/capability-registry": {
      "name": "@rasid/capability-registry",
      "version": "1.0.0",
      "dependencies": {
        "@rasid/contracts": "1.0.0",
        "@rasid/runtime": "1.0.0"
      }
    },
    "packages/common": {
      "name": "@rasid/common",
      "version": "1.0.0",
      "dependencies": {
        "@rasid/contracts": "1.0.0"
      }
    },
    "packages/connectors": {
      "name": "@rasid/connectors",
      "version": "1.0.0",
      "dependencies": {
        "@rasid/contracts": "1.0.0"
      }
    },
    "packages/contracts": {
      "name": "@rasid/contracts",
      "version": "1.0.0"
    },
    "packages/evidence": {
      "name": "@rasid/evidence",
      "version": "1.0.0",
      "dependencies": {
        "@rasid/contracts": "1.0.0"
      }
    },
    "packages/jobs": {
      "name": "@rasid/jobs",
      "version": "1.0.0",
      "dependencies": {
        "@rasid/contracts": "1.0.0"
      }
    },
    "packages/library": {
      "name": "@rasid/library",
      "version": "1.0.0",
      "dependencies": {
        "@rasid/contracts": "1.0.0"
      }
    },
    "packages/output-publication": {
      "name": "@rasid/output-publication",
      "version": "1.0.0",
      "dependencies": {
        "@rasid/contracts": "1.0.0"
      }
    },
    "packages/permissions": {
      "name": "@rasid/permissions",
      "version": "1.0.0",
      "dependencies": {
        "@rasid/contracts": "1.0.0"
      }
    },
    "packages/runtime": {
      "name": "@rasid/runtime",
      "version": "1.0.0",
      "dependencies": {
        "@rasid/contracts": "1.0.0"
      }
    }
  }
}
